// !$*UTF8*$!
{
	archiveVersion = 1;
	classes = {
	};
	objectVersion = 55;
	objects = {

/* Begin PBXBuildFile section */
		BB1E0935281E5BAA007E4A0B /* AppDelegate.swift in Sources */ = {isa = PBXBuildFile; fileRef = BB1E0934281E5BAA007E4A0B /* AppDelegate.swift */; };
		BB1E0937281E5BAA007E4A0B /* SceneDelegate.swift in Sources */ = {isa = PBXBuildFile; fileRef = BB1E0936281E5BAA007E4A0B /* SceneDelegate.swift */; };
		BB1E093C281E5BAA007E4A0B /* Main.storyboard in Resources */ = {isa = PBXBuildFile; fileRef = BB1E093A281E5BAA007E4A0B /* Main.storyboard */; };
		BB1E093E281E5BE2007E4A0B /* Assets.xcassets in Resources */ = {isa = PBXBuildFile; fileRef = BB1E093D281E5BE2007E4A0B /* Assets.xcassets */; };
		BB1E0941281E5BE3007E4A0B /* LaunchScreen.storyboard in Resources */ = {isa = PBXBuildFile; fileRef = BB1E093F281E5BE3007E4A0B /* LaunchScreen.storyboard */; };
		BB1E09532832FD68007E4A0B /* SearchResults.swift in Sources */ = {isa = PBXBuildFile; fileRef = BB1E09522832FD66007E4A0B /* SearchResults.swift */; };
		BB1FCD7D2850744E00BBE3E1 /* StockResultCell.xib in Resources */ = {isa = PBXBuildFile; fileRef = BB1FCD7C2850744E00BBE3E1 /* StockResultCell.xib */; };
		BB1FCD7F2850777300BBE3E1 /* StockResultCell.swift in Sources */ = {isa = PBXBuildFile; fileRef = BB1FCD7E2850777300BBE3E1 /* StockResultCell.swift */; };
		BB1FCD812851307000BBE3E1 /* StocksItems.swift in Sources */ = {isa = PBXBuildFile; fileRef = BB1FCD802851306F00BBE3E1 /* StocksItems.swift */; };
		BB1FCD832851433300BBE3E1 /* LoadingCell.xib in Resources */ = {isa = PBXBuildFile; fileRef = BB1FCD822851433300BBE3E1 /* LoadingCell.xib */; };
		BBA74CD428334EB700086BAD /* Stockitem.swift in Sources */ = {isa = PBXBuildFile; fileRef = BBA74CD328334EB700086BAD /* Stockitem.swift */; };
		BBA74CD628341C3E00086BAD /* ThirdSearchTableViewController.swift in Sources */ = {isa = PBXBuildFile; fileRef = BBA74CD528341C3E00086BAD /* ThirdSearchTableViewController.swift */; };
		BBA74CD82834402700086BAD /* AddStockViewController.swift in Sources */ = {isa = PBXBuildFile; fileRef = BBA74CD72834402700086BAD /* AddStockViewController.swift */; };
		BBA74CDA28357A7200086BAD /* NewsResult.swift in Sources */ = {isa = PBXBuildFile; fileRef = BBA74CD928357A7200086BAD /* NewsResult.swift */; };
		BBB2575C2836C5CE00A222C9 /* SearchNewsViewController.swift in Sources */ = {isa = PBXBuildFile; fileRef = BBB2575B2836C5CE00A222C9 /* SearchNewsViewController.swift */; };
		BBB2575E2836CBE300A222C9 /* SearchResultCell.xib in Resources */ = {isa = PBXBuildFile; fileRef = BBB2575D2836CBE300A222C9 /* SearchResultCell.xib */; };
		BBB257602836D02700A222C9 /* SearchResultCell.swift in Sources */ = {isa = PBXBuildFile; fileRef = BBB2575F2836D02700A222C9 /* SearchResultCell.swift */; };
		BBB257642837083300A222C9 /* UIImageView+DownloadImage.swift in Sources */ = {isa = PBXBuildFile; fileRef = BBB257632837083300A222C9 /* UIImageView+DownloadImage.swift */; };
		BBB2576E2839001300A222C9 /* StockResultViewCell.swift in Sources */ = {isa = PBXBuildFile; fileRef = BBB2576D2839001300A222C9 /* StockResultViewCell.swift */; };
		BBCC1522283BDB5600F3627C /* clean-fast-swooshaiff-14784.wav in Resources */ = {isa = PBXBuildFile; fileRef = BBCC1521283BDB5600F3627C /* clean-fast-swooshaiff-14784.wav */; };
		BBEB76DE2850206000DA5D26 /* Stocks.xcdatamodeld in Sources */ = {isa = PBXBuildFile; fileRef = BBEB76DC2850205F00DA5D26 /* Stocks.xcdatamodeld */; };
		BBEB76E12850295B00DA5D26 /* StocksCoreData+CoreDataClass.swift in Sources */ = {isa = PBXBuildFile; fileRef = BBEB76DF2850295A00DA5D26 /* StocksCoreData+CoreDataClass.swift */; };
		BBEB76E22850295B00DA5D26 /* StocksCoreData+CoreDataProperties.swift in Sources */ = {isa = PBXBuildFile; fileRef = BBEB76E02850295B00DA5D26 /* StocksCoreData+CoreDataProperties.swift */; };
		BBEB76E428506AA800DA5D26 /* stop-13692.mp3 in Resources */ = {isa = PBXBuildFile; fileRef = BBEB76E328506AA700DA5D26 /* stop-13692.mp3 */; };
/* End PBXBuildFile section */

/* Begin PBXFileReference section */
		BB1E0931281E5BAA007E4A0B /* Stocks.app */ = {isa = PBXFileReference; explicitFileType = wrapper.application; includeInIndex = 0; path = Stocks.app; sourceTree = BUILT_PRODUCTS_DIR; };
		BB1E0934281E5BAA007E4A0B /* AppDelegate.swift */ = {isa = PBXFileReference; lastKnownFileType = sourcecode.swift; path = AppDelegate.swift; sourceTree = "<group>"; };
		BB1E0936281E5BAA007E4A0B /* SceneDelegate.swift */ = {isa = PBXFileReference; lastKnownFileType = sourcecode.swift; path = SceneDelegate.swift; sourceTree = "<group>"; };
		BB1E093B281E5BAA007E4A0B /* Base */ = {isa = PBXFileReference; lastKnownFileType = file.storyboard; name = Base; path = Base.lproj/Main.storyboard; sourceTree = "<group>"; };
		BB1E093D281E5BE2007E4A0B /* Assets.xcassets */ = {isa = PBXFileReference; lastKnownFileType = folder.assetcatalog; path = Assets.xcassets; sourceTree = "<group>"; };
		BB1E0940281E5BE3007E4A0B /* Base */ = {isa = PBXFileReference; lastKnownFileType = file.storyboard; name = Base; path = Base.lproj/LaunchScreen.storyboard; sourceTree = "<group>"; };
		BB1E0942281E5BE3007E4A0B /* Info.plist */ = {isa = PBXFileReference; lastKnownFileType = text.plist.xml; path = Info.plist; sourceTree = "<group>"; };
		BB1E09522832FD66007E4A0B /* SearchResults.swift */ = {isa = PBXFileReference; lastKnownFileType = sourcecode.swift; path = SearchResults.swift; sourceTree = "<group>"; };
		BB1FCD7C2850744E00BBE3E1 /* StockResultCell.xib */ = {isa = PBXFileReference; lastKnownFileType = file.xib; path = StockResultCell.xib; sourceTree = "<group>"; };
		BB1FCD7E2850777300BBE3E1 /* StockResultCell.swift */ = {isa = PBXFileReference; lastKnownFileType = sourcecode.swift; path = StockResultCell.swift; sourceTree = "<group>"; };
		BB1FCD802851306F00BBE3E1 /* StocksItems.swift */ = {isa = PBXFileReference; lastKnownFileType = sourcecode.swift; path = StocksItems.swift; sourceTree = "<group>"; };
		BB1FCD822851433300BBE3E1 /* LoadingCell.xib */ = {isa = PBXFileReference; lastKnownFileType = file.xib; path = LoadingCell.xib; sourceTree = "<group>"; };
		BBA74CD328334EB700086BAD /* Stockitem.swift */ = {isa = PBXFileReference; lastKnownFileType = sourcecode.swift; path = Stockitem.swift; sourceTree = "<group>"; };
		BBA74CD528341C3E00086BAD /* ThirdSearchTableViewController.swift */ = {isa = PBXFileReference; lastKnownFileType = sourcecode.swift; path = ThirdSearchTableViewController.swift; sourceTree = "<group>"; };
		BBA74CD72834402700086BAD /* AddStockViewController.swift */ = {isa = PBXFileReference; lastKnownFileType = sourcecode.swift; path = AddStockViewController.swift; sourceTree = "<group>"; };
		BBA74CD928357A7200086BAD /* NewsResult.swift */ = {isa = PBXFileReference; lastKnownFileType = sourcecode.swift; path = NewsResult.swift; sourceTree = "<group>"; };
		BBB2575B2836C5CE00A222C9 /* SearchNewsViewController.swift */ = {isa = PBXFileReference; lastKnownFileType = sourcecode.swift; path = SearchNewsViewController.swift; sourceTree = "<group>"; };
		BBB2575D2836CBE300A222C9 /* SearchResultCell.xib */ = {isa = PBXFileReference; lastKnownFileType = file.xib; path = SearchResultCell.xib; sourceTree = "<group>"; };
		BBB2575F2836D02700A222C9 /* SearchResultCell.swift */ = {isa = PBXFileReference; lastKnownFileType = sourcecode.swift; path = SearchResultCell.swift; sourceTree = "<group>"; };
		BBB257632837083300A222C9 /* UIImageView+DownloadImage.swift */ = {isa = PBXFileReference; lastKnownFileType = sourcecode.swift; path = "UIImageView+DownloadImage.swift"; sourceTree = "<group>"; };
		BBB2576D2839001300A222C9 /* StockResultViewCell.swift */ = {isa = PBXFileReference; lastKnownFileType = sourcecode.swift; path = StockResultViewCell.swift; sourceTree = "<group>"; };
		BBCC1521283BDB5600F3627C /* clean-fast-swooshaiff-14784.wav */ = {isa = PBXFileReference; lastKnownFileType = audio.wav; path = "clean-fast-swooshaiff-14784.wav"; sourceTree = "<group>"; };
		BBEB76DD2850205F00DA5D26 /* Stocks.xcdatamodel */ = {isa = PBXFileReference; lastKnownFileType = wrapper.xcdatamodel; path = Stocks.xcdatamodel; sourceTree = "<group>"; };
		BBEB76DF2850295A00DA5D26 /* StocksCoreData+CoreDataClass.swift */ = {isa = PBXFileReference; lastKnownFileType = sourcecode.swift; path = "StocksCoreData+CoreDataClass.swift"; sourceTree = "<group>"; };
		BBEB76E02850295B00DA5D26 /* StocksCoreData+CoreDataProperties.swift */ = {isa = PBXFileReference; lastKnownFileType = sourcecode.swift; path = "StocksCoreData+CoreDataProperties.swift"; sourceTree = "<group>"; };
		BBEB76E328506AA700DA5D26 /* stop-13692.mp3 */ = {isa = PBXFileReference; lastKnownFileType = audio.mp3; path = "stop-13692.mp3"; sourceTree = "<group>"; };
/* End PBXFileReference section */

/* Begin PBXFrameworksBuildPhase section */
		BB1E092E281E5BAA007E4A0B /* Frameworks */ = {
			isa = PBXFrameworksBuildPhase;
			buildActionMask = 2147483647;
			files = (
			);
			runOnlyForDeploymentPostprocessing = 0;
		};
/* End PBXFrameworksBuildPhase section */

/* Begin PBXGroup section */
		BB1E0928281E5BAA007E4A0B = {
			isa = PBXGroup;
			children = (
				BBEB76DF2850295A00DA5D26 /* StocksCoreData+CoreDataClass.swift */,
				BBEB76E02850295B00DA5D26 /* StocksCoreData+CoreDataProperties.swift */,
				BB1E0933281E5BAA007E4A0B /* Stocks */,
				BB1E0932281E5BAA007E4A0B /* Products */,
			);
			sourceTree = "<group>";
		};
		BB1E0932281E5BAA007E4A0B /* Products */ = {
			isa = PBXGroup;
			children = (
				BB1E0931281E5BAA007E4A0B /* Stocks.app */,
			);
			name = Products;
			sourceTree = "<group>";
		};
		BB1E0933281E5BAA007E4A0B /* Stocks */ = {
			isa = PBXGroup;
			children = (
				BB1E0934281E5BAA007E4A0B /* AppDelegate.swift */,
				BB1E0936281E5BAA007E4A0B /* SceneDelegate.swift */,
				BB1E093A281E5BAA007E4A0B /* Main.storyboard */,
				BB1E093D281E5BE2007E4A0B /* Assets.xcassets */,
				BB1E093F281E5BE3007E4A0B /* LaunchScreen.storyboard */,
				BB1E0942281E5BE3007E4A0B /* Info.plist */,
				BB1E09522832FD66007E4A0B /* SearchResults.swift */,
				BBA74CD328334EB700086BAD /* Stockitem.swift */,
				BBA74CD72834402700086BAD /* AddStockViewController.swift */,
				BBA74CD528341C3E00086BAD /* ThirdSearchTableViewController.swift */,
				BBEB76DC2850205F00DA5D26 /* Stocks.xcdatamodeld */,
				BBA74CD928357A7200086BAD /* NewsResult.swift */,
				BBB2575B2836C5CE00A222C9 /* SearchNewsViewController.swift */,
				BBB2575D2836CBE300A222C9 /* SearchResultCell.xib */,
				BBB2575F2836D02700A222C9 /* SearchResultCell.swift */,
				BBB257632837083300A222C9 /* UIImageView+DownloadImage.swift */,
				BBB2576D2839001300A222C9 /* StockResultViewCell.swift */,
				BBCC1521283BDB5600F3627C /* clean-fast-swooshaiff-14784.wav */,
				BBEB76E328506AA700DA5D26 /* stop-13692.mp3 */,
				BB1FCD7C2850744E00BBE3E1 /* StockResultCell.xib */,
				BB1FCD7E2850777300BBE3E1 /* StockResultCell.swift */,
				BB1FCD802851306F00BBE3E1 /* StocksItems.swift */,
				BB1FCD822851433300BBE3E1 /* LoadingCell.xib */,
			);
			path = Stocks;
			sourceTree = "<group>";
		};
/* End PBXGroup section */

/* Begin PBXNativeTarget section */
		BB1E0930281E5BAA007E4A0B /* Stocks */ = {
			isa = PBXNativeTarget;
			buildConfigurationList = BB1E0945281E5BE3007E4A0B /* Build configuration list for PBXNativeTarget "Stocks" */;
			buildPhases = (
				BB1E092D281E5BAA007E4A0B /* Sources */,
				BB1E092E281E5BAA007E4A0B /* Frameworks */,
				BB1E092F281E5BAA007E4A0B /* Resources */,
			);
			buildRules = (
			);
			dependencies = (
			);
			name = Stocks;
			productName = Stocks;
			productReference = BB1E0931281E5BAA007E4A0B /* Stocks.app */;
			productType = "com.apple.product-type.application";
		};
/* End PBXNativeTarget section */

/* Begin PBXProject section */
		BB1E0929281E5BAA007E4A0B /* Project object */ = {
			isa = PBXProject;
			attributes = {
				BuildIndependentTargetsInParallel = 1;
				LastSwiftUpdateCheck = 1330;
				LastUpgradeCheck = 1330;
				TargetAttributes = {
					BB1E0930281E5BAA007E4A0B = {
						CreatedOnToolsVersion = 13.3;
					};
				};
			};
			buildConfigurationList = BB1E092C281E5BAA007E4A0B /* Build configuration list for PBXProject "Stocks" */;
			compatibilityVersion = "Xcode 13.0";
			developmentRegion = en;
			hasScannedForEncodings = 0;
			knownRegions = (
				en,
				Base,
			);
			mainGroup = BB1E0928281E5BAA007E4A0B;
			productRefGroup = BB1E0932281E5BAA007E4A0B /* Products */;
			projectDirPath = "";
			projectRoot = "";
			targets = (
				BB1E0930281E5BAA007E4A0B /* Stocks */,
			);
		};
/* End PBXProject section */

/* Begin PBXResourcesBuildPhase section */
		BB1E092F281E5BAA007E4A0B /* Resources */ = {
			isa = PBXResourcesBuildPhase;
			buildActionMask = 2147483647;
			files = (
				BB1E0941281E5BE3007E4A0B /* LaunchScreen.storyboard in Resources */,
				BB1FCD7D2850744E00BBE3E1 /* StockResultCell.xib in Resources */,
				BB1E093E281E5BE2007E4A0B /* Assets.xcassets in Resources */,
				BBB2575E2836CBE300A222C9 /* SearchResultCell.xib in Resources */,
				BBEB76E428506AA800DA5D26 /* stop-13692.mp3 in Resources */,
				BBCC1522283BDB5600F3627C /* clean-fast-swooshaiff-14784.wav in Resources */,
				BB1FCD832851433300BBE3E1 /* LoadingCell.xib in Resources */,
				BB1E093C281E5BAA007E4A0B /* Main.storyboard in Resources */,
			);
			runOnlyForDeploymentPostprocessing = 0;
		};
/* End PBXResourcesBuildPhase section */

/* Begin PBXSourcesBuildPhase section */
		BB1E092D281E5BAA007E4A0B /* Sources */ = {
			isa = PBXSourcesBuildPhase;
			buildActionMask = 2147483647;
			files = (
				BBB257602836D02700A222C9 /* SearchResultCell.swift in Sources */,
				BBA74CD628341C3E00086BAD /* ThirdSearchTableViewController.swift in Sources */,
				BBA74CD82834402700086BAD /* AddStockViewController.swift in Sources */,
				BBEB76E22850295B00DA5D26 /* StocksCoreData+CoreDataProperties.swift in Sources */,
				BBEB76E12850295B00DA5D26 /* StocksCoreData+CoreDataClass.swift in Sources */,
				BB1FCD812851307000BBE3E1 /* StocksItems.swift in Sources */,
				BBB2575C2836C5CE00A222C9 /* SearchNewsViewController.swift in Sources */,
				BB1FCD7F2850777300BBE3E1 /* StockResultCell.swift in Sources */,
				BB1E09532832FD68007E4A0B /* SearchResults.swift in Sources */,
				BBA74CD428334EB700086BAD /* Stockitem.swift in Sources */,
				BBB257642837083300A222C9 /* UIImageView+DownloadImage.swift in Sources */,
				BBB2576E2839001300A222C9 /* StockResultViewCell.swift in Sources */,
				BB1E0935281E5BAA007E4A0B /* AppDelegate.swift in Sources */,
				BB1E0937281E5BAA007E4A0B /* SceneDelegate.swift in Sources */,
				BBA74CDA28357A7200086BAD /* NewsResult.swift in Sources */,
				BBEB76DE2850206000DA5D26 /* Stocks.xcdatamodeld in Sources */,
			);
			runOnlyForDeploymentPostprocessing = 0;
		};
/* End PBXSourcesBuildPhase section */

/* Begin PBXVariantGroup section */
		BB1E093A281E5BAA007E4A0B /* Main.storyboard */ = {
			isa = PBXVariantGroup;
			children = (
				BB1E093B281E5BAA007E4A0B /* Base */,
			);
			name = Main.storyboard;
			sourceTree = "<group>";
		};
		BB1E093F281E5BE3007E4A0B /* LaunchScreen.storyboard */ = {
			isa = PBXVariantGroup;
			children = (
				BB1E0940281E5BE3007E4A0B /* Base */,
			);
			name = LaunchScreen.storyboard;
			sourceTree = "<group>";
		};
/* End PBXVariantGroup section */

/* Begin XCBuildConfiguration section */
		BB1E0943281E5BE3007E4A0B /* Debug */ = {
			isa = XCBuildConfiguration;
			buildSettings = {
				ALWAYS_SEARCH_USER_PATHS = NO;
				CLANG_ANALYZER_NONNULL = YES;
				CLANG_ANALYZER_NUMBER_OBJECT_CONVERSION = YES_AGGRESSIVE;
				CLANG_CXX_LANGUAGE_STANDARD = "gnu++17";
				CLANG_ENABLE_MODULES = YES;
				CLANG_ENABLE_OBJC_ARC = YES;
				CLANG_ENABLE_OBJC_WEAK = YES;
				CLANG_WARN_BLOCK_CAPTURE_AUTORELEASING = YES;
				CLANG_WARN_BOOL_CONVERSION = YES;
				CLANG_WARN_COMMA = YES;
				CLANG_WARN_CONSTANT_CONVERSION = YES;
				CLANG_WARN_DEPRECATED_OBJC_IMPLEMENTATIONS = YES;
				CLANG_WARN_DIRECT_OBJC_ISA_USAGE = YES_ERROR;
				CLANG_WARN_DOCUMENTATION_COMMENTS = YES;
				CLANG_WARN_EMPTY_BODY = YES;
				CLANG_WARN_ENUM_CONVERSION = YES;
				CLANG_WARN_INFINITE_RECURSION = YES;
				CLANG_WARN_INT_CONVERSION = YES;
				CLANG_WARN_NON_LITERAL_NULL_CONVERSION = YES;
				CLANG_WARN_OBJC_IMPLICIT_RETAIN_SELF = YES;
				CLANG_WARN_OBJC_LITERAL_CONVERSION = YES;
				CLANG_WARN_OBJC_ROOT_CLASS = YES_ERROR;
				CLANG_WARN_QUOTED_INCLUDE_IN_FRAMEWORK_HEADER = YES;
				CLANG_WARN_RANGE_LOOP_ANALYSIS = YES;
				CLANG_WARN_STRICT_PROTOTYPES = YES;
				CLANG_WARN_SUSPICIOUS_MOVE = YES;
				CLANG_WARN_UNGUARDED_AVAILABILITY = YES_AGGRESSIVE;
				CLANG_WARN_UNREACHABLE_CODE = YES;
				CLANG_WARN__DUPLICATE_METHOD_MATCH = YES;
				COPY_PHASE_STRIP = NO;
				DEBUG_INFORMATION_FORMAT = dwarf;
				ENABLE_STRICT_OBJC_MSGSEND = YES;
				ENABLE_TESTABILITY = YES;
				GCC_C_LANGUAGE_STANDARD = gnu11;
				GCC_DYNAMIC_NO_PIC = NO;
				GCC_NO_COMMON_BLOCKS = YES;
				GCC_OPTIMIZATION_LEVEL = 0;
				GCC_PREPROCESSOR_DEFINITIONS = (
					"DEBUG=1",
					"$(inherited)",
				);
				GCC_WARN_64_TO_32_BIT_CONVERSION = YES;
				GCC_WARN_ABOUT_RETURN_TYPE = YES_ERROR;
				GCC_WARN_UNDECLARED_SELECTOR = YES;
				GCC_WARN_UNINITIALIZED_AUTOS = YES_AGGRESSIVE;
				GCC_WARN_UNUSED_FUNCTION = YES;
				GCC_WARN_UNUSED_VARIABLE = YES;
				IPHONEOS_DEPLOYMENT_TARGET = 15.4;
				MTL_ENABLE_DEBUG_INFO = INCLUDE_SOURCE;
				MTL_FAST_MATH = YES;
				ONLY_ACTIVE_ARCH = YES;
				SDKROOT = iphoneos;
				SWIFT_ACTIVE_COMPILATION_CONDITIONS = DEBUG;
				SWIFT_OPTIMIZATION_LEVEL = "-Onone";
			};
			name = Debug;
		};
		BB1E0944281E5BE3007E4A0B /* Release */ = {
			isa = XCBuildConfiguration;
			buildSettings = {
				ALWAYS_SEARCH_USER_PATHS = NO;
				CLANG_ANALYZER_NONNULL = YES;
				CLANG_ANALYZER_NUMBER_OBJECT_CONVERSION = YES_AGGRESSIVE;
				CLANG_CXX_LANGUAGE_STANDARD = "gnu++17";
				CLANG_ENABLE_MODULES = YES;
				CLANG_ENABLE_OBJC_ARC = YES;
				CLANG_ENABLE_OBJC_WEAK = YES;
				CLANG_WARN_BLOCK_CAPTURE_AUTORELEASING = YES;
				CLANG_WARN_BOOL_CONVERSION = YES;
				CLANG_WARN_COMMA = YES;
				CLANG_WARN_CONSTANT_CONVERSION = YES;
				CLANG_WARN_DEPRECATED_OBJC_IMPLEMENTATIONS = YES;
				CLANG_WARN_DIRECT_OBJC_ISA_USAGE = YES_ERROR;
				CLANG_WARN_DOCUMENTATION_COMMENTS = YES;
				CLANG_WARN_EMPTY_BODY = YES;
				CLANG_WARN_ENUM_CONVERSION = YES;
				CLANG_WARN_INFINITE_RECURSION = YES;
				CLANG_WARN_INT_CONVERSION = YES;
				CLANG_WARN_NON_LITERAL_NULL_CONVERSION = YES;
				CLANG_WARN_OBJC_IMPLICIT_RETAIN_SELF = YES;
				CLANG_WARN_OBJC_LITERAL_CONVERSION = YES;
				CLANG_WARN_OBJC_ROOT_CLASS = YES_ERROR;
				CLANG_WARN_QUOTED_INCLUDE_IN_FRAMEWORK_HEADER = YES;
				CLANG_WARN_RANGE_LOOP_ANALYSIS = YES;
				CLANG_WARN_STRICT_PROTOTYPES = YES;
				CLANG_WARN_SUSPICIOUS_MOVE = YES;
				CLANG_WARN_UNGUARDED_AVAILABILITY = YES_AGGRESSIVE;
				CLANG_WARN_UNREACHABLE_CODE = YES;
				CLANG_WARN__DUPLICATE_METHOD_MATCH = YES;
				COPY_PHASE_STRIP = NO;
				DEBUG_INFORMATION_FORMAT = "dwarf-with-dsym";
				ENABLE_NS_ASSERTIONS = NO;
				ENABLE_STRICT_OBJC_MSGSEND = YES;
				GCC_C_LANGUAGE_STANDARD = gnu11;
				GCC_NO_COMMON_BLOCKS = YES;
				GCC_WARN_64_TO_32_BIT_CONVERSION = YES;
				GCC_WARN_ABOUT_RETURN_TYPE = YES_ERROR;
				GCC_WARN_UNDECLARED_SELECTOR = YES;
				GCC_WARN_UNINITIALIZED_AUTOS = YES_AGGRESSIVE;
				GCC_WARN_UNUSED_FUNCTION = YES;
				GCC_WARN_UNUSED_VARIABLE = YES;
				IPHONEOS_DEPLOYMENT_TARGET = 15.4;
				MTL_ENABLE_DEBUG_INFO = NO;
				MTL_FAST_MATH = YES;
				SDKROOT = iphoneos;
				SWIFT_COMPILATION_MODE = wholemodule;
				SWIFT_OPTIMIZATION_LEVEL = "-O";
				VALIDATE_PRODUCT = YES;
			};
			name = Release;
		};
		BB1E0946281E5BE3007E4A0B /* Debug */ = {
			isa = XCBuildConfiguration;
			buildSettings = {
				ASSETCATALOG_COMPILER_APPICON_NAME = AppIcon;
				ASSETCATALOG_COMPILER_GLOBAL_ACCENT_COLOR_NAME = AccentColor;
				CODE_SIGN_STYLE = Automatic;
				CURRENT_PROJECT_VERSION = 1;
				DEVELOPMENT_TEAM = TVDQ4XDT5J;
				GENERATE_INFOPLIST_FILE = YES;
				INFOPLIST_FILE = Stocks/Info.plist;
				INFOPLIST_KEY_UIApplicationSupportsIndirectInputEvents = YES;
				INFOPLIST_KEY_UILaunchStoryboardName = LaunchScreen;
				INFOPLIST_KEY_UIMainStoryboardFile = Main;
				INFOPLIST_KEY_UISupportedInterfaceOrientations_iPad = "UIInterfaceOrientationPortrait UIInterfaceOrientationPortraitUpsideDown UIInterfaceOrientationLandscapeLeft UIInterfaceOrientationLandscapeRight";
				INFOPLIST_KEY_UISupportedInterfaceOrientations_iPhone = "UIInterfaceOrientationPortrait UIInterfaceOrientationLandscapeLeft UIInterfaceOrientationLandscapeRight";
				LD_RUNPATH_SEARCH_PATHS = (
					"$(inherited)",
					"@executable_path/Frameworks",
				);
				MARKETING_VERSION = 1.0;
				PRODUCT_BUNDLE_IDENTIFIER = IsmailUIkt.Stocks;
				PRODUCT_NAME = "$(TARGET_NAME)";
				SWIFT_EMIT_LOC_STRINGS = YES;
				SWIFT_VERSION = 5.0;
				TARGETED_DEVICE_FAMILY = 1;
			};
			name = Debug;
		};
		BB1E0947281E5BE3007E4A0B /* Release */ = {
			isa = XCBuildConfiguration;
			buildSettings = {
				ASSETCATALOG_COMPILER_APPICON_NAME = AppIcon;
				ASSETCATALOG_COMPILER_GLOBAL_ACCENT_COLOR_NAME = AccentColor;
				CODE_SIGN_STYLE = Automatic;
				CURRENT_PROJECT_VERSION = 1;
				DEVELOPMENT_TEAM = TVDQ4XDT5J;
				GENERATE_INFOPLIST_FILE = YES;
				INFOPLIST_FILE = Stocks/Info.plist;
				INFOPLIST_KEY_UIApplicationSupportsIndirectInputEvents = YES;
				INFOPLIST_KEY_UILaunchStoryboardName = LaunchScreen;
				INFOPLIST_KEY_UIMainStoryboardFile = Main;
				INFOPLIST_KEY_UISupportedInterfaceOrientations_iPad = "UIInterfaceOrientationPortrait UIInterfaceOrientationPortraitUpsideDown UIInterfaceOrientationLandscapeLeft UIInterfaceOrientationLandscapeRight";
				INFOPLIST_KEY_UISupportedInterfaceOrientations_iPhone = "UIInterfaceOrientationPortrait UIInterfaceOrientationLandscapeLeft UIInterfaceOrientationLandscapeRight";
				LD_RUNPATH_SEARCH_PATHS = (
					"$(inherited)",
					"@executable_path/Frameworks",
				);
				MARKETING_VERSION = 1.0;
				PRODUCT_BUNDLE_IDENTIFIER = IsmailUIkt.Stocks;
				PRODUCT_NAME = "$(TARGET_NAME)";
				SWIFT_EMIT_LOC_STRINGS = YES;
				SWIFT_VERSION = 5.0;
				TARGETED_DEVICE_FAMILY = 1;
			};
			name = Release;
		};
/* End XCBuildConfiguration section */

/* Begin XCConfigurationList section */
		BB1E092C281E5BAA007E4A0B /* Build configuration list for PBXProject "Stocks" */ = {
			isa = XCConfigurationList;
			buildConfigurations = (
				BB1E0943281E5BE3007E4A0B /* Debug */,
				BB1E0944281E5BE3007E4A0B /* Release */,
			);
			defaultConfigurationIsVisible = 0;
			defaultConfigurationName = Release;
		};
		BB1E0945281E5BE3007E4A0B /* Build configuration list for PBXNativeTarget "Stocks" */ = {
			isa = XCConfigurationList;
			buildConfigurations = (
				BB1E0946281E5BE3007E4A0B /* Debug */,
				BB1E0947281E5BE3007E4A0B /* Release */,
			);
			defaultConfigurationIsVisible = 0;
			defaultConfigurationName = Release;
		};
/* End XCConfigurationList section */

/* Begin XCVersionGroup section */
		BBEB76DC2850205F00DA5D26 /* Stocks.xcdatamodeld */ = {
			isa = XCVersionGroup;
			children = (
				BBEB76DD2850205F00DA5D26 /* Stocks.xcdatamodel */,
			);
			currentVersion = BBEB76DD2850205F00DA5D26 /* Stocks.xcdatamodel */;
			path = Stocks.xcdatamodeld;
			sourceTree = "<group>";
			versionGroupType = wrapper.xcdatamodel;
		};
/* End XCVersionGroup section */
	};
	rootObject = BB1E0929281E5BAA007E4A0B /* Project object */;
}
